
Microsoft Visual Studio Solution File, Format Version 11.00
# Visual Studio 2010
Project("{FAE04EC0-301F-11D3-BF4B-00C04F79EFBC}") = "IPCS19", "IPCS19.csproj", "{913ff6b2-8611-4955-a91c-800588561e24}"
EndProject
Global
	GlobalSection(SolutionConfigurationPlatforms) = preSolution
		Debug|Any CPU = Debug|Any CPU
		Release|Any CPU = Release|Any CPU
	EndGlobalSection
	GlobalSection(ProjectConfigurationPlatforms) = postSolution
		{913FF6B2-8611-4955-A91C-800588561E24}.Debug|Any CPU.ActiveCfg = Debug|Any CPU
		{913FF6B2-8611-4955-A91C-800588561E24}.Debug|Any CPU.Build.0 = Debug|Any CPU
		{913FF6B2-8611-4955-A91C-800588561E24}.Release|Any CPU.ActiveCfg = Release|Any CPU
		{913FF6B2-8611-4955-A91C-800588561E24}.Release|Any CPU.Build.0 = Release|Any CPU
	EndGlobalSection
EndGlobal
